{
  "version": 4,
  "terraform_version": "1.3.1",
  "serial": 1081,
  "lineage": "e8343134-12af-9e79-5b0a-bc728ab3c41c",
  "outputs": {
    "image": {
      "value": [
        {
          "amis": []
        }
      ],
      "type": [
        "list",
        [
          "object",
          {
            "amis": [
              "set",
              [
                "object",
                {
                  "account_id": "string",
                  "description": "string",
                  "image": "string",
                  "name": "string",
                  "region": "string"
                }
              ]
            ]
          }
        ]
      ]
    }
  },
  "resources": [
    {
      "mode": "data",
      "type": "aws_iam_policy_document",
      "name": "image_builder",
      "provider": "provider[\"registry.terraform.io/hashicorp/aws\"]",
      "instances": [
        {
          "schema_version": 0,
          "attributes": {
            "id": "3771750345",
            "json": "{\n  \"Version\": \"2012-10-17\",\n  \"Statement\": [\n    {\n      \"Sid\": \"\",\n      \"Effect\": \"Allow\",\n      \"Action\": [\n        \"ssmmessages:OpenDataChannel\",\n        \"ssmmessages:OpenControlChannel\",\n        \"ssmmessages:CreateDataChannel\",\n        \"ssmmessages:CreateControlChannel\",\n        \"ssm:UpdateInstanceInformation\",\n        \"ssm:UpdateInstanceAssociationStatus\",\n        \"ssm:UpdateAssociationStatus\",\n        \"ssm:PutInventory\",\n        \"ssm:PutConfigurePackageResult\",\n        \"ssm:PutComplianceItems\",\n        \"ssm:ListInstanceAssociations\",\n        \"ssm:ListAssociations\",\n        \"ssm:GetParameters\",\n        \"ssm:GetParameter\",\n        \"ssm:GetManifest\",\n        \"ssm:GetDocument\",\n        \"ssm:GetDeployablePatchSnapshotForInstance\",\n        \"ssm:DescribeDocument\",\n        \"ssm:DescribeAssociation\",\n        \"imagebuilder:GetComponent\",\n        \"ec2messages:SendReply\",\n        \"ec2messages:GetMessages\",\n        \"ec2messages:GetEndpoint\",\n        \"ec2messages:FailMessage\",\n        \"ec2messages:DeleteMessage\",\n        \"ec2messages:AcknowledgeMessage\"\n      ],\n      \"Resource\": \"*\"\n    },\n    {\n      \"Sid\": \"\",\n      \"Effect\": \"Allow\",\n      \"Action\": [\n        \"s3:List\",\n        \"s3:GetObject\"\n      ],\n      \"Resource\": \"*\"\n    },\n    {\n      \"Sid\": \"\",\n      \"Effect\": \"Allow\",\n      \"Action\": \"s3:PutObject\",\n      \"Resource\": \"arn:aws:s3:::ec2imagebuilder-1/image-builder/*\"\n    },\n    {\n      \"Sid\": \"\",\n      \"Effect\": \"Allow\",\n      \"Action\": [\n        \"logs:PutLogEvents\",\n        \"logs:CreateLogStream\",\n        \"logs:CreateLogGroup\"\n      ],\n      \"Resource\": \"arn:aws:logs:*:*:log-group:/aws/imagebuilder/*\"\n    },\n    {\n      \"Sid\": \"\",\n      \"Effect\": \"Allow\",\n      \"Action\": \"kms:Decrypt\",\n      \"Resource\": \"*\",\n      \"Condition\": {\n        \"ForAnyValue:StringEquals\": {\n          \"aws:CalledVia\": \"imagebuilder.amazonaws.com\",\n          \"kms:EncryptionContextKeys\": \"aws:imagebuilder:arn\"\n        }\n      }\n    }\n  ]\n}",
            "override_json": null,
            "override_policy_documents": null,
            "policy_id": null,
            "source_json": null,
            "source_policy_documents": null,
            "statement": [
              {
                "actions": [
                  "ec2messages:AcknowledgeMessage",
                  "ec2messages:DeleteMessage",
                  "ec2messages:FailMessage",
                  "ec2messages:GetEndpoint",
                  "ec2messages:GetMessages",
                  "ec2messages:SendReply",
                  "imagebuilder:GetComponent",
                  "ssm:DescribeAssociation",
                  "ssm:DescribeDocument",
                  "ssm:GetDeployablePatchSnapshotForInstance",
                  "ssm:GetDocument",
                  "ssm:GetManifest",
                  "ssm:GetParameter",
                  "ssm:GetParameters",
                  "ssm:ListAssociations",
                  "ssm:ListInstanceAssociations",
                  "ssm:PutComplianceItems",
                  "ssm:PutConfigurePackageResult",
                  "ssm:PutInventory",
                  "ssm:UpdateAssociationStatus",
                  "ssm:UpdateInstanceAssociationStatus",
                  "ssm:UpdateInstanceInformation",
                  "ssmmessages:CreateControlChannel",
                  "ssmmessages:CreateDataChannel",
                  "ssmmessages:OpenControlChannel",
                  "ssmmessages:OpenDataChannel"
                ],
                "condition": [],
                "effect": "Allow",
                "not_actions": [],
                "not_principals": [],
                "not_resources": [],
                "principals": [],
                "resources": [
                  "*"
                ],
                "sid": ""
              },
              {
                "actions": [
                  "s3:GetObject",
                  "s3:List"
                ],
                "condition": [],
                "effect": "Allow",
                "not_actions": [],
                "not_principals": [],
                "not_resources": [],
                "principals": [],
                "resources": [
                  "*"
                ],
                "sid": ""
              },
              {
                "actions": [
                  "s3:PutObject"
                ],
                "condition": [],
                "effect": "Allow",
                "not_actions": [],
                "not_principals": [],
                "not_resources": [],
                "principals": [],
                "resources": [
                  "arn:aws:s3:::ec2imagebuilder-1/image-builder/*"
                ],
                "sid": ""
              },
              {
                "actions": [
                  "logs:CreateLogGroup",
                  "logs:CreateLogStream",
                  "logs:PutLogEvents"
                ],
                "condition": [],
                "effect": "Allow",
                "not_actions": [],
                "not_principals": [],
                "not_resources": [],
                "principals": [],
                "resources": [
                  "arn:aws:logs:*:*:log-group:/aws/imagebuilder/*"
                ],
                "sid": ""
              },
              {
                "actions": [
                  "kms:Decrypt"
                ],
                "condition": [
                  {
                    "test": "ForAnyValue:StringEquals",
                    "values": [
                      "aws:imagebuilder:arn"
                    ],
                    "variable": "kms:EncryptionContextKeys"
                  },
                  {
                    "test": "ForAnyValue:StringEquals",
                    "values": [
                      "imagebuilder.amazonaws.com"
                    ],
                    "variable": "aws:CalledVia"
                  }
                ],
                "effect": "Allow",
                "not_actions": [],
                "not_principals": [],
                "not_resources": [],
                "principals": [],
                "resources": [
                  "*"
                ],
                "sid": ""
              }
            ],
            "version": "2012-10-17"
          },
          "sensitive_attributes": []
        }
      ]
    },
    {
      "mode": "managed",
      "type": "aws_iam_instance_profile",
      "name": "image_builder",
      "provider": "provider[\"registry.terraform.io/hashicorp/aws\"]",
      "instances": [
        {
          "schema_version": 0,
          "attributes": {
            "arn": "arn:aws:iam::589538349060:instance-profile/image_builder",
            "create_date": "2022-10-19T15:36:14Z",
            "id": "image_builder",
            "name": "image_builder",
            "name_prefix": null,
            "path": "/",
            "role": "image_builder",
            "tags": {},
            "tags_all": {},
            "unique_id": "AIPAYSQZZKACIY6YRCFZN"
          },
          "sensitive_attributes": [],
          "private": "bnVsbA==",
          "dependencies": [
            "aws_iam_role.image_builder"
          ]
        }
      ]
    },
    {
      "mode": "managed",
      "type": "aws_iam_policy",
      "name": "image_builder",
      "provider": "provider[\"registry.terraform.io/hashicorp/aws\"]",
      "instances": [
        {
          "schema_version": 0,
          "attributes": {
            "arn": "arn:aws:iam::589538349060:policy/image_builder",
            "description": "Kyndryl-ImageBuilder - access to source and destination S3 bucket",
            "id": "arn:aws:iam::589538349060:policy/image_builder",
            "name": "image_builder",
            "name_prefix": null,
            "path": "/",
            "policy": "{\"Statement\":[{\"Action\":[\"ssmmessages:OpenDataChannel\",\"ssmmessages:OpenControlChannel\",\"ssmmessages:CreateDataChannel\",\"ssmmessages:CreateControlChannel\",\"ssm:UpdateInstanceInformation\",\"ssm:UpdateInstanceAssociationStatus\",\"ssm:UpdateAssociationStatus\",\"ssm:PutInventory\",\"ssm:PutConfigurePackageResult\",\"ssm:PutComplianceItems\",\"ssm:ListInstanceAssociations\",\"ssm:ListAssociations\",\"ssm:GetParameters\",\"ssm:GetParameter\",\"ssm:GetManifest\",\"ssm:GetDocument\",\"ssm:GetDeployablePatchSnapshotForInstance\",\"ssm:DescribeDocument\",\"ssm:DescribeAssociation\",\"imagebuilder:GetComponent\",\"ec2messages:SendReply\",\"ec2messages:GetMessages\",\"ec2messages:GetEndpoint\",\"ec2messages:FailMessage\",\"ec2messages:DeleteMessage\",\"ec2messages:AcknowledgeMessage\"],\"Effect\":\"Allow\",\"Resource\":\"*\",\"Sid\":\"\"},{\"Action\":[\"s3:List\",\"s3:GetObject\"],\"Effect\":\"Allow\",\"Resource\":\"*\",\"Sid\":\"\"},{\"Action\":\"s3:PutObject\",\"Effect\":\"Allow\",\"Resource\":\"arn:aws:s3:::ec2imagebuilder-1/image-builder/*\",\"Sid\":\"\"},{\"Action\":[\"logs:PutLogEvents\",\"logs:CreateLogStream\",\"logs:CreateLogGroup\"],\"Effect\":\"Allow\",\"Resource\":\"arn:aws:logs:*:*:log-group:/aws/imagebuilder/*\",\"Sid\":\"\"},{\"Action\":\"kms:Decrypt\",\"Condition\":{\"ForAnyValue:StringEquals\":{\"aws:CalledVia\":\"imagebuilder.amazonaws.com\",\"kms:EncryptionContextKeys\":\"aws:imagebuilder:arn\"}},\"Effect\":\"Allow\",\"Resource\":\"*\",\"Sid\":\"\"}],\"Version\":\"2012-10-17\"}",
            "policy_id": "ANPAYSQZZKACFOA7IOKGK",
            "tags": {},
            "tags_all": {}
          },
          "sensitive_attributes": [],
          "private": "bnVsbA==",
          "dependencies": [
            "data.aws_iam_policy_document.image_builder"
          ]
        }
      ]
    },
    {
      "mode": "managed",
      "type": "aws_iam_role",
      "name": "image_builder",
      "provider": "provider[\"registry.terraform.io/hashicorp/aws\"]",
      "instances": [
        {
          "schema_version": 0,
          "attributes": {
            "arn": "arn:aws:iam::589538349060:role/image_builder",
            "assume_role_policy": "{\"Statement\":[{\"Action\":\"sts:AssumeRole\",\"Effect\":\"Allow\",\"Principal\":{\"Service\":\"ec2.amazonaws.com\"},\"Sid\":\"\"}],\"Version\":\"2012-10-17\"}",
            "create_date": "2022-10-19T15:36:13Z",
            "description": "Kyndryl-ImageBuilder - access to source and destination S3 bucket",
            "force_detach_policies": false,
            "id": "image_builder",
            "inline_policy": [],
            "managed_policy_arns": [
              "arn:aws:iam::589538349060:policy/image_builder"
            ],
            "max_session_duration": 3600,
            "name": "image_builder",
            "name_prefix": "",
            "path": "/",
            "permissions_boundary": null,
            "tags": {},
            "tags_all": {},
            "unique_id": "AROAYSQZZKACFLRUOIZPK"
          },
          "sensitive_attributes": [],
          "private": "bnVsbA=="
        }
      ]
    }
  ],
  "check_results": []
}
